
Microsoft Visual Studio Solution File, Format Version 12.00
# Visual Studio Version 17
VisualStudioVersion = 17.0.31903.59
MinimumVisualStudioVersion = 10.0.40219.1
Project("{FAE04EC0-301F-11D3-BF4B-00C04F79EFBC}") = "ForumUnifeso", "ForumUnifeso\ForumUnifeso.csproj", "{26C6A6C9-6FAB-4CC6-B29C-7593C403D16D}"
EndProject
Project("{FAE04EC0-301F-11D3-BF4B-00C04F79EFBC}") = "UnitTests", "UnitTests\UnitTests.csproj", "{A9D142B5-9F6A-4AB1-8A01-1DC27265EB4C}"
EndProject
Global
	GlobalSection(SolutionConfigurationPlatforms) = preSolution
		Debug|Any CPU = Debug|Any CPU
		Release|Any CPU = Release|Any CPU
	EndGlobalSection
	GlobalSection(SolutionProperties) = preSolution
		HideSolutionNode = FALSE
	EndGlobalSection
	GlobalSection(ProjectConfigurationPlatforms) = postSolution
		{26C6A6C9-6FAB-4CC6-B29C-7593C403D16D}.Debug|Any CPU.ActiveCfg = Debug|Any CPU
		{26C6A6C9-6FAB-4CC6-B29C-7593C403D16D}.Debug|Any CPU.Build.0 = Debug|Any CPU
		{26C6A6C9-6FAB-4CC6-B29C-7593C403D16D}.Release|Any CPU.ActiveCfg = Release|Any CPU
		{26C6A6C9-6FAB-4CC6-B29C-7593C403D16D}.Release|Any CPU.Build.0 = Release|Any CPU
		{A9D142B5-9F6A-4AB1-8A01-1DC27265EB4C}.Debug|Any CPU.ActiveCfg = Debug|Any CPU
		{A9D142B5-9F6A-4AB1-8A01-1DC27265EB4C}.Debug|Any CPU.Build.0 = Debug|Any CPU
		{A9D142B5-9F6A-4AB1-8A01-1DC27265EB4C}.Release|Any CPU.ActiveCfg = Release|Any CPU
		{A9D142B5-9F6A-4AB1-8A01-1DC27265EB4C}.Release|Any CPU.Build.0 = Release|Any CPU
	EndGlobalSection
EndGlobal
